// !$*UTF8*$!
{
	archiveVersion = 1;
	classes = {
	};
	objectVersion = 56;
	objects = {

/* Begin PBXBuildFile section */
		5A5B77FF2A1A222800F3F71E /* RememberMeApp.swift in Sources */ = {isa = PBXBuildFile; fileRef = 5A5B77FE2A1A222800F3F71E /* RememberMeApp.swift */; };
		5A5B78012A1A222800F3F71E /* ContentView.swift in Sources */ = {isa = PBXBuildFile; fileRef = 5A5B78002A1A222800F3F71E /* ContentView.swift */; };
		5A5B78032A1A222900F3F71E /* Assets.xcassets in Resources */ = {isa = PBXBuildFile; fileRef = 5A5B78022A1A222900F3F71E /* Assets.xcassets */; };
		5A5B78062A1A222900F3F71E /* Preview Assets.xcassets in Resources */ = {isa = PBXBuildFile; fileRef = 5A5B78052A1A222900F3F71E /* Preview Assets.xcassets */; };
		5A5B780D2A1A224C00F3F71E /* Person.swift in Sources */ = {isa = PBXBuildFile; fileRef = 5A5B780C2A1A224C00F3F71E /* Person.swift */; };
		5A5B780F2A1A22C500F3F71E /* ContentView-ViewModel.swift in Sources */ = {isa = PBXBuildFile; fileRef = 5A5B780E2A1A22C500F3F71E /* ContentView-ViewModel.swift */; };
		5A5B78112A1A278500F3F71E /* FileManagerExtension.swift in Sources */ = {isa = PBXBuildFile; fileRef = 5A5B78102A1A278500F3F71E /* FileManagerExtension.swift */; };
		5A5B78132A1A2C6400F3F71E /* PersonRow.swift in Sources */ = {isa = PBXBuildFile; fileRef = 5A5B78122A1A2C6400F3F71E /* PersonRow.swift */; };
		5A5B78152A1A2EB400F3F71E /* PersonSheet.swift in Sources */ = {isa = PBXBuildFile; fileRef = 5A5B78142A1A2EB400F3F71E /* PersonSheet.swift */; };
		5A5B78172A1A34A400F3F71E /* PersonSheet-ViewModel.swift in Sources */ = {isa = PBXBuildFile; fileRef = 5A5B78162A1A34A400F3F71E /* PersonSheet-ViewModel.swift */; };
		5A5B78192A1A63CF00F3F71E /* ImagePicker.swift in Sources */ = {isa = PBXBuildFile; fileRef = 5A5B78182A1A63CF00F3F71E /* ImagePicker.swift */; };
		5A5B781D2A1B2F2600F3F71E /* LocationView.swift in Sources */ = {isa = PBXBuildFile; fileRef = 5A5B781C2A1B2F2600F3F71E /* LocationView.swift */; };
		5A5B78212A1B7EF700F3F71E /* MapView.swift in Sources */ = {isa = PBXBuildFile; fileRef = 5A5B78202A1B7EF700F3F71E /* MapView.swift */; };
		5AB2943E2A1BA9D8006CF356 /* LocationManager.swift in Sources */ = {isa = PBXBuildFile; fileRef = 5AB2943D2A1BA9D8006CF356 /* LocationManager.swift */; };
/* End PBXBuildFile section */

/* Begin PBXFileReference section */
		5A5B77FB2A1A222800F3F71E /* RememberMe.app */ = {isa = PBXFileReference; explicitFileType = wrapper.application; includeInIndex = 0; path = RememberMe.app; sourceTree = BUILT_PRODUCTS_DIR; };
		5A5B77FE2A1A222800F3F71E /* RememberMeApp.swift */ = {isa = PBXFileReference; lastKnownFileType = sourcecode.swift; path = RememberMeApp.swift; sourceTree = "<group>"; };
		5A5B78002A1A222800F3F71E /* ContentView.swift */ = {isa = PBXFileReference; lastKnownFileType = sourcecode.swift; path = ContentView.swift; sourceTree = "<group>"; };
		5A5B78022A1A222900F3F71E /* Assets.xcassets */ = {isa = PBXFileReference; lastKnownFileType = folder.assetcatalog; path = Assets.xcassets; sourceTree = "<group>"; };
		5A5B78052A1A222900F3F71E /* Preview Assets.xcassets */ = {isa = PBXFileReference; lastKnownFileType = folder.assetcatalog; path = "Preview Assets.xcassets"; sourceTree = "<group>"; };
		5A5B780C2A1A224C00F3F71E /* Person.swift */ = {isa = PBXFileReference; lastKnownFileType = sourcecode.swift; path = Person.swift; sourceTree = "<group>"; };
		5A5B780E2A1A22C500F3F71E /* ContentView-ViewModel.swift */ = {isa = PBXFileReference; lastKnownFileType = sourcecode.swift; path = "ContentView-ViewModel.swift"; sourceTree = "<group>"; };
		5A5B78102A1A278500F3F71E /* FileManagerExtension.swift */ = {isa = PBXFileReference; lastKnownFileType = sourcecode.swift; path = FileManagerExtension.swift; sourceTree = "<group>"; };
		5A5B78122A1A2C6400F3F71E /* PersonRow.swift */ = {isa = PBXFileReference; lastKnownFileType = sourcecode.swift; path = PersonRow.swift; sourceTree = "<group>"; };
		5A5B78142A1A2EB400F3F71E /* PersonSheet.swift */ = {isa = PBXFileReference; lastKnownFileType = sourcecode.swift; path = PersonSheet.swift; sourceTree = "<group>"; };
		5A5B78162A1A34A400F3F71E /* PersonSheet-ViewModel.swift */ = {isa = PBXFileReference; lastKnownFileType = sourcecode.swift; path = "PersonSheet-ViewModel.swift"; sourceTree = "<group>"; };
		5A5B78182A1A63CF00F3F71E /* ImagePicker.swift */ = {isa = PBXFileReference; lastKnownFileType = sourcecode.swift; path = ImagePicker.swift; sourceTree = "<group>"; };
		5A5B781C2A1B2F2600F3F71E /* LocationView.swift */ = {isa = PBXFileReference; lastKnownFileType = sourcecode.swift; path = LocationView.swift; sourceTree = "<group>"; };
		5A5B78202A1B7EF700F3F71E /* MapView.swift */ = {isa = PBXFileReference; lastKnownFileType = sourcecode.swift; path = MapView.swift; sourceTree = "<group>"; };
		5AB2943D2A1BA9D8006CF356 /* LocationManager.swift */ = {isa = PBXFileReference; lastKnownFileType = sourcecode.swift; path = LocationManager.swift; sourceTree = "<group>"; };
/* End PBXFileReference section */

/* Begin PBXFrameworksBuildPhase section */
		5A5B77F82A1A222800F3F71E /* Frameworks */ = {
			isa = PBXFrameworksBuildPhase;
			buildActionMask = 2147483647;
			files = (
			);
			runOnlyForDeploymentPostprocessing = 0;
		};
/* End PBXFrameworksBuildPhase section */

/* Begin PBXGroup section */
		5A5B77F22A1A222800F3F71E = {
			isa = PBXGroup;
			children = (
				5A5B77FD2A1A222800F3F71E /* RememberMe */,
				5A5B77FC2A1A222800F3F71E /* Products */,
			);
			sourceTree = "<group>";
		};
		5A5B77FC2A1A222800F3F71E /* Products */ = {
			isa = PBXGroup;
			children = (
				5A5B77FB2A1A222800F3F71E /* RememberMe.app */,
			);
			name = Products;
			sourceTree = "<group>";
		};
		5A5B77FD2A1A222800F3F71E /* RememberMe */ = {
			isa = PBXGroup;
			children = (
				5A5B77FE2A1A222800F3F71E /* RememberMeApp.swift */,
				5A5B78002A1A222800F3F71E /* ContentView.swift */,
				5A5B780E2A1A22C500F3F71E /* ContentView-ViewModel.swift */,
				5A5B78142A1A2EB400F3F71E /* PersonSheet.swift */,
				5A5B78202A1B7EF700F3F71E /* MapView.swift */,
				5A5B78162A1A34A400F3F71E /* PersonSheet-ViewModel.swift */,
				5A5B780C2A1A224C00F3F71E /* Person.swift */,
				5A5B781C2A1B2F2600F3F71E /* LocationView.swift */,
				5A5B78122A1A2C6400F3F71E /* PersonRow.swift */,
				5AB2943D2A1BA9D8006CF356 /* LocationManager.swift */,
				5A5B78182A1A63CF00F3F71E /* ImagePicker.swift */,
				5A5B78102A1A278500F3F71E /* FileManagerExtension.swift */,
				5A5B78022A1A222900F3F71E /* Assets.xcassets */,
				5A5B78042A1A222900F3F71E /* Preview Content */,
			);
			path = RememberMe;
			sourceTree = "<group>";
		};
		5A5B78042A1A222900F3F71E /* Preview Content */ = {
			isa = PBXGroup;
			children = (
				5A5B78052A1A222900F3F71E /* Preview Assets.xcassets */,
			);
			path = "Preview Content";
			sourceTree = "<group>";
		};
/* End PBXGroup section */

/* Begin PBXNativeTarget section */
		5A5B77FA2A1A222800F3F71E /* RememberMe */ = {
			isa = PBXNativeTarget;
			buildConfigurationList = 5A5B78092A1A222900F3F71E /* Build configuration list for PBXNativeTarget "RememberMe" */;
			buildPhases = (
				5A5B77F72A1A222800F3F71E /* Sources */,
				5A5B77F82A1A222800F3F71E /* Frameworks */,
				5A5B77F92A1A222800F3F71E /* Resources */,
			);
			buildRules = (
			);
			dependencies = (
			);
			name = RememberMe;
			productName = RememberMe;
			productReference = 5A5B77FB2A1A222800F3F71E /* RememberMe.app */;
			productType = "com.apple.product-type.application";
		};
/* End PBXNativeTarget section */

/* Begin PBXProject section */
		5A5B77F32A1A222800F3F71E /* Project object */ = {
			isa = PBXProject;
			attributes = {
				BuildIndependentTargetsInParallel = 1;
				LastSwiftUpdateCheck = 1430;
				LastUpgradeCheck = 1430;
				TargetAttributes = {
					5A5B77FA2A1A222800F3F71E = {
						CreatedOnToolsVersion = 14.3;
					};
				};
			};
			buildConfigurationList = 5A5B77F62A1A222800F3F71E /* Build configuration list for PBXProject "RememberMe" */;
			compatibilityVersion = "Xcode 14.0";
			developmentRegion = en;
			hasScannedForEncodings = 0;
			knownRegions = (
				en,
				Base,
			);
			mainGroup = 5A5B77F22A1A222800F3F71E;
			productRefGroup = 5A5B77FC2A1A222800F3F71E /* Products */;
			projectDirPath = "";
			projectRoot = "";
			targets = (
				5A5B77FA2A1A222800F3F71E /* RememberMe */,
			);
		};
/* End PBXProject section */

/* Begin PBXResourcesBuildPhase section */
		5A5B77F92A1A222800F3F71E /* Resources */ = {
			isa = PBXResourcesBuildPhase;
			buildActionMask = 2147483647;
			files = (
				5A5B78062A1A222900F3F71E /* Preview Assets.xcassets in Resources */,
				5A5B78032A1A222900F3F71E /* Assets.xcassets in Resources */,
			);
			runOnlyForDeploymentPostprocessing = 0;
		};
/* End PBXResourcesBuildPhase section */

/* Begin PBXSourcesBuildPhase section */
		5A5B77F72A1A222800F3F71E /* Sources */ = {
			isa = PBXSourcesBuildPhase;
			buildActionMask = 2147483647;
			files = (
				5A5B78112A1A278500F3F71E /* FileManagerExtension.swift in Sources */,
				5A5B78212A1B7EF700F3F71E /* MapView.swift in Sources */,
				5A5B78132A1A2C6400F3F71E /* PersonRow.swift in Sources */,
				5A5B780D2A1A224C00F3F71E /* Person.swift in Sources */,
				5A5B78192A1A63CF00F3F71E /* ImagePicker.swift in Sources */,
				5A5B780F2A1A22C500F3F71E /* ContentView-ViewModel.swift in Sources */,
				5A5B781D2A1B2F2600F3F71E /* LocationView.swift in Sources */,
				5A5B78012A1A222800F3F71E /* ContentView.swift in Sources */,
				5AB2943E2A1BA9D8006CF356 /* LocationManager.swift in Sources */,
				5A5B77FF2A1A222800F3F71E /* RememberMeApp.swift in Sources */,
				5A5B78152A1A2EB400F3F71E /* PersonSheet.swift in Sources */,
				5A5B78172A1A34A400F3F71E /* PersonSheet-ViewModel.swift in Sources */,
			);
			runOnlyForDeploymentPostprocessing = 0;
		};
/* End PBXSourcesBuildPhase section */

/* Begin XCBuildConfiguration section */
		5A5B78072A1A222900F3F71E /* Debug */ = {
			isa = XCBuildConfiguration;
			buildSettings = {
				ALWAYS_SEARCH_USER_PATHS = NO;
				CLANG_ANALYZER_NONNULL = YES;
				CLANG_ANALYZER_NUMBER_OBJECT_CONVERSION = YES_AGGRESSIVE;
				CLANG_CXX_LANGUAGE_STANDARD = "gnu++20";
				CLANG_ENABLE_MODULES = YES;
				CLANG_ENABLE_OBJC_ARC = YES;
				CLANG_ENABLE_OBJC_WEAK = YES;
				CLANG_WARN_BLOCK_CAPTURE_AUTORELEASING = YES;
				CLANG_WARN_BOOL_CONVERSION = YES;
				CLANG_WARN_COMMA = YES;
				CLANG_WARN_CONSTANT_CONVERSION = YES;
				CLANG_WARN_DEPRECATED_OBJC_IMPLEMENTATIONS = YES;
				CLANG_WARN_DIRECT_OBJC_ISA_USAGE = YES_ERROR;
				CLANG_WARN_DOCUMENTATION_COMMENTS = YES;
				CLANG_WARN_EMPTY_BODY = YES;
				CLANG_WARN_ENUM_CONVERSION = YES;
				CLANG_WARN_INFINITE_RECURSION = YES;
				CLANG_WARN_INT_CONVERSION = YES;
				CLANG_WARN_NON_LITERAL_NULL_CONVERSION = YES;
				CLANG_WARN_OBJC_IMPLICIT_RETAIN_SELF = YES;
				CLANG_WARN_OBJC_LITERAL_CONVERSION = YES;
				CLANG_WARN_OBJC_ROOT_CLASS = YES_ERROR;
				CLANG_WARN_QUOTED_INCLUDE_IN_FRAMEWORK_HEADER = YES;
				CLANG_WARN_RANGE_LOOP_ANALYSIS = YES;
				CLANG_WARN_STRICT_PROTOTYPES = YES;
				CLANG_WARN_SUSPICIOUS_MOVE = YES;
				CLANG_WARN_UNGUARDED_AVAILABILITY = YES_AGGRESSIVE;
				CLANG_WARN_UNREACHABLE_CODE = YES;
				CLANG_WARN__DUPLICATE_METHOD_MATCH = YES;
				COPY_PHASE_STRIP = NO;
				DEBUG_INFORMATION_FORMAT = dwarf;
				ENABLE_STRICT_OBJC_MSGSEND = YES;
				ENABLE_TESTABILITY = YES;
				GCC_C_LANGUAGE_STANDARD = gnu11;
				GCC_DYNAMIC_NO_PIC = NO;
				GCC_NO_COMMON_BLOCKS = YES;
				GCC_OPTIMIZATION_LEVEL = 0;
				GCC_PREPROCESSOR_DEFINITIONS = (
					"DEBUG=1",
					"$(inherited)",
				);
				GCC_WARN_64_TO_32_BIT_CONVERSION = YES;
				GCC_WARN_ABOUT_RETURN_TYPE = YES_ERROR;
				GCC_WARN_UNDECLARED_SELECTOR = YES;
				GCC_WARN_UNINITIALIZED_AUTOS = YES_AGGRESSIVE;
				GCC_WARN_UNUSED_FUNCTION = YES;
				GCC_WARN_UNUSED_VARIABLE = YES;
				IPHONEOS_DEPLOYMENT_TARGET = 16.4;
				MTL_ENABLE_DEBUG_INFO = INCLUDE_SOURCE;
				MTL_FAST_MATH = YES;
				ONLY_ACTIVE_ARCH = YES;
				SDKROOT = iphoneos;
				SWIFT_ACTIVE_COMPILATION_CONDITIONS = DEBUG;
				SWIFT_OPTIMIZATION_LEVEL = "-Onone";
			};
			name = Debug;
		};
		5A5B78082A1A222900F3F71E /* Release */ = {
			isa = XCBuildConfiguration;
			buildSettings = {
				ALWAYS_SEARCH_USER_PATHS = NO;
				CLANG_ANALYZER_NONNULL = YES;
				CLANG_ANALYZER_NUMBER_OBJECT_CONVERSION = YES_AGGRESSIVE;
				CLANG_CXX_LANGUAGE_STANDARD = "gnu++20";
				CLANG_ENABLE_MODULES = YES;
				CLANG_ENABLE_OBJC_ARC = YES;
				CLANG_ENABLE_OBJC_WEAK = YES;
				CLANG_WARN_BLOCK_CAPTURE_AUTORELEASING = YES;
				CLANG_WARN_BOOL_CONVERSION = YES;
				CLANG_WARN_COMMA = YES;
				CLANG_WARN_CONSTANT_CONVERSION = YES;
				CLANG_WARN_DEPRECATED_OBJC_IMPLEMENTATIONS = YES;
				CLANG_WARN_DIRECT_OBJC_ISA_USAGE = YES_ERROR;
				CLANG_WARN_DOCUMENTATION_COMMENTS = YES;
				CLANG_WARN_EMPTY_BODY = YES;
				CLANG_WARN_ENUM_CONVERSION = YES;
				CLANG_WARN_INFINITE_RECURSION = YES;
				CLANG_WARN_INT_CONVERSION = YES;
				CLANG_WARN_NON_LITERAL_NULL_CONVERSION = YES;
				CLANG_WARN_OBJC_IMPLICIT_RETAIN_SELF = YES;
				CLANG_WARN_OBJC_LITERAL_CONVERSION = YES;
				CLANG_WARN_OBJC_ROOT_CLASS = YES_ERROR;
				CLANG_WARN_QUOTED_INCLUDE_IN_FRAMEWORK_HEADER = YES;
				CLANG_WARN_RANGE_LOOP_ANALYSIS = YES;
				CLANG_WARN_STRICT_PROTOTYPES = YES;
				CLANG_WARN_SUSPICIOUS_MOVE = YES;
				CLANG_WARN_UNGUARDED_AVAILABILITY = YES_AGGRESSIVE;
				CLANG_WARN_UNREACHABLE_CODE = YES;
				CLANG_WARN__DUPLICATE_METHOD_MATCH = YES;
				COPY_PHASE_STRIP = NO;
				DEBUG_INFORMATION_FORMAT = "dwarf-with-dsym";
				ENABLE_NS_ASSERTIONS = NO;
				ENABLE_STRICT_OBJC_MSGSEND = YES;
				GCC_C_LANGUAGE_STANDARD = gnu11;
				GCC_NO_COMMON_BLOCKS = YES;
				GCC_WARN_64_TO_32_BIT_CONVERSION = YES;
				GCC_WARN_ABOUT_RETURN_TYPE = YES_ERROR;
				GCC_WARN_UNDECLARED_SELECTOR = YES;
				GCC_WARN_UNINITIALIZED_AUTOS = YES_AGGRESSIVE;
				GCC_WARN_UNUSED_FUNCTION = YES;
				GCC_WARN_UNUSED_VARIABLE = YES;
				IPHONEOS_DEPLOYMENT_TARGET = 16.4;
				MTL_ENABLE_DEBUG_INFO = NO;
				MTL_FAST_MATH = YES;
				SDKROOT = iphoneos;
				SWIFT_COMPILATION_MODE = wholemodule;
				SWIFT_OPTIMIZATION_LEVEL = "-O";
				VALIDATE_PRODUCT = YES;
			};
			name = Release;
		};
		5A5B780A2A1A222900F3F71E /* Debug */ = {
			isa = XCBuildConfiguration;
			buildSettings = {
				ASSETCATALOG_COMPILER_APPICON_NAME = AppIcon;
				ASSETCATALOG_COMPILER_GLOBAL_ACCENT_COLOR_NAME = AccentColor;
				CODE_SIGN_STYLE = Automatic;
				CURRENT_PROJECT_VERSION = 1;
				DEVELOPMENT_ASSET_PATHS = "\"RememberMe/Preview Content\"";
				DEVELOPMENT_TEAM = G2S5NXG875;
				ENABLE_PREVIEWS = YES;
				GENERATE_INFOPLIST_FILE = YES;
				INFOPLIST_KEY_NSFaceIDUsageDescription = "Please authenticate yourself to unlock your people.";
				INFOPLIST_KEY_NSLocationWhenInUseUsageDescription = "We need location of your person.";
				INFOPLIST_KEY_UIApplicationSceneManifest_Generation = YES;
				INFOPLIST_KEY_UIApplicationSupportsIndirectInputEvents = YES;
				INFOPLIST_KEY_UILaunchScreen_Generation = YES;
				INFOPLIST_KEY_UISupportedInterfaceOrientations_iPad = "UIInterfaceOrientationPortrait UIInterfaceOrientationPortraitUpsideDown UIInterfaceOrientationLandscapeLeft UIInterfaceOrientationLandscapeRight";
				INFOPLIST_KEY_UISupportedInterfaceOrientations_iPhone = "UIInterfaceOrientationPortrait UIInterfaceOrientationLandscapeLeft UIInterfaceOrientationLandscapeRight";
				LD_RUNPATH_SEARCH_PATHS = (
					"$(inherited)",
					"@executable_path/Frameworks",
				);
				MARKETING_VERSION = 1.0;
				PRODUCT_BUNDLE_IDENTIFIER = me.kolomoiets.nikita.RememberMe;
				PRODUCT_NAME = "$(TARGET_NAME)";
				SWIFT_EMIT_LOC_STRINGS = YES;
				SWIFT_VERSION = 5.0;
				TARGETED_DEVICE_FAMILY = "1,2";
			};
			name = Debug;
		};
		5A5B780B2A1A222900F3F71E /* Release */ = {
			isa = XCBuildConfiguration;
			buildSettings = {
				ASSETCATALOG_COMPILER_APPICON_NAME = AppIcon;
				ASSETCATALOG_COMPILER_GLOBAL_ACCENT_COLOR_NAME = AccentColor;
				CODE_SIGN_STYLE = Automatic;
				CURRENT_PROJECT_VERSION = 1;
				DEVELOPMENT_ASSET_PATHS = "\"RememberMe/Preview Content\"";
				DEVELOPMENT_TEAM = G2S5NXG875;
				ENABLE_PREVIEWS = YES;
				GENERATE_INFOPLIST_FILE = YES;
				INFOPLIST_KEY_NSFaceIDUsageDescription = "Please authenticate yourself to unlock your people.";
				INFOPLIST_KEY_NSLocationWhenInUseUsageDescription = "We need location of your person.";
				INFOPLIST_KEY_UIApplicationSceneManifest_Generation = YES;
				INFOPLIST_KEY_UIApplicationSupportsIndirectInputEvents = YES;
				INFOPLIST_KEY_UILaunchScreen_Generation = YES;
				INFOPLIST_KEY_UISupportedInterfaceOrientations_iPad = "UIInterfaceOrientationPortrait UIInterfaceOrientationPortraitUpsideDown UIInterfaceOrientationLandscapeLeft UIInterfaceOrientationLandscapeRight";
				INFOPLIST_KEY_UISupportedInterfaceOrientations_iPhone = "UIInterfaceOrientationPortrait UIInterfaceOrientationLandscapeLeft UIInterfaceOrientationLandscapeRight";
				LD_RUNPATH_SEARCH_PATHS = (
					"$(inherited)",
					"@executable_path/Frameworks",
				);
				MARKETING_VERSION = 1.0;
				PRODUCT_BUNDLE_IDENTIFIER = me.kolomoiets.nikita.RememberMe;
				PRODUCT_NAME = "$(TARGET_NAME)";
				SWIFT_EMIT_LOC_STRINGS = YES;
				SWIFT_VERSION = 5.0;
				TARGETED_DEVICE_FAMILY = "1,2";
			};
			name = Release;
		};
/* End XCBuildConfiguration section */

/* Begin XCConfigurationList section */
		5A5B77F62A1A222800F3F71E /* Build configuration list for PBXProject "RememberMe" */ = {
			isa = XCConfigurationList;
			buildConfigurations = (
				5A5B78072A1A222900F3F71E /* Debug */,
				5A5B78082A1A222900F3F71E /* Release */,
			);
			defaultConfigurationIsVisible = 0;
			defaultConfigurationName = Release;
		};
		5A5B78092A1A222900F3F71E /* Build configuration list for PBXNativeTarget "RememberMe" */ = {
			isa = XCConfigurationList;
			buildConfigurations = (
				5A5B780A2A1A222900F3F71E /* Debug */,
				5A5B780B2A1A222900F3F71E /* Release */,
			);
			defaultConfigurationIsVisible = 0;
			defaultConfigurationName = Release;
		};
/* End XCConfigurationList section */
	};
	rootObject = 5A5B77F32A1A222800F3F71E /* Project object */;
}
